// !$*UTF8*$!
{
	archiveVersion = 1;
	classes = {
	};
	objectVersion = 71;
	objects = {

/* Begin PBXBuildFile section */
		A10000010000000000000001 /* RioApp.swift in Sources */ = {isa = PBXBuildFile; fileRef = A20000010000000000000001 /* RioApp.swift */; };
		A10000010000000000000002 /* RioTests.swift in Sources */ = {isa = PBXBuildFile; fileRef = A20000010000000000000005 /* RioTests.swift */; };
		A10000010000000000000003 /* CoreDomain.swift in Sources */ = {isa = PBXBuildFile; fileRef = A20000010000000000000007 /* CoreDomain.swift */; };
		A10000010000000000000004 /* CoreContracts.swift in Sources */ = {isa = PBXBuildFile; fileRef = A20000010000000000000008 /* CoreContracts.swift */; };
		A10000010000000000000006 /* CoreContractsTests.swift in Sources */ = {isa = PBXBuildFile; fileRef = A2000001000000000000000A /* CoreContractsTests.swift */; };
		A10000010000000000000007 /* CoreDomain.swift in Sources */ = {isa = PBXBuildFile; fileRef = A20000010000000000000007 /* CoreDomain.swift */; };
		A10000010000000000000008 /* CoreContracts.swift in Sources */ = {isa = PBXBuildFile; fileRef = A20000010000000000000008 /* CoreContracts.swift */; };
		A10000010000000000000009 /* DeterministicDoubles.swift in Sources */ = {isa = PBXBuildFile; fileRef = A20000010000000000000009 /* DeterministicDoubles.swift */; };
		A1000001000000000000000A /* OpenAIInsightAdapter.swift in Sources */ = {isa = PBXBuildFile; fileRef = A2000001000000000000000B /* OpenAIInsightAdapter.swift */; };
		A1000001000000000000000B /* OpenAIInsightAdapter.swift in Sources */ = {isa = PBXBuildFile; fileRef = A2000001000000000000000B /* OpenAIInsightAdapter.swift */; };
		A1000001000000000000000E /* OpenAIInsightAdapterTests.swift in Sources */ = {isa = PBXBuildFile; fileRef = A2000001000000000000000D /* OpenAIInsightAdapterTests.swift */; };
		A1000001000000000000000F /* ApplicationShell.swift in Sources */ = {isa = PBXBuildFile; fileRef = A2000001000000000000000E /* ApplicationShell.swift */; };
		A10000010000000000000010 /* ApplicationShell.swift in Sources */ = {isa = PBXBuildFile; fileRef = A2000001000000000000000E /* ApplicationShell.swift */; };
		A10000010000000000000011 /* ApplicationShellTests.swift in Sources */ = {isa = PBXBuildFile; fileRef = A2000001000000000000000F /* ApplicationShellTests.swift */; };
		A10000010000000000000012 /* MicrophoneCapture.swift in Sources */ = {isa = PBXBuildFile; fileRef = A20000010000000000000010 /* MicrophoneCapture.swift */; };
		A10000010000000000000013 /* AVFAudio.framework in Frameworks */ = {isa = PBXBuildFile; fileRef = A20000010000000000000011 /* AVFAudio.framework */; };
		A10000010000000000000014 /* AVFAudio.framework in Frameworks */ = {isa = PBXBuildFile; fileRef = A20000010000000000000011 /* AVFAudio.framework */; };
		A10000010000000000000015 /* MicrophoneCaptureTests.swift in Sources */ = {isa = PBXBuildFile; fileRef = A20000010000000000000012 /* MicrophoneCaptureTests.swift */; };
		A10000010000000000000016 /* MicrophoneCapture.swift in Sources */ = {isa = PBXBuildFile; fileRef = A20000010000000000000010 /* MicrophoneCapture.swift */; };
		A10000010000000000000017 /* OpenAITranscriptionAdapter.swift in Sources */ = {isa = PBXBuildFile; fileRef = A20000010000000000000013 /* OpenAITranscriptionAdapter.swift */; };
		A1000001000000000000001A /* OpenAITranscriptionAdapterTests.swift in Sources */ = {isa = PBXBuildFile; fileRef = A20000010000000000000015 /* OpenAITranscriptionAdapterTests.swift */; };
		A1000001000000000000001B /* OpenAITranscriptionAdapter.swift in Sources */ = {isa = PBXBuildFile; fileRef = A20000010000000000000013 /* OpenAITranscriptionAdapter.swift */; };
		A1000001000000000000001C /* SessionOrchestration.swift in Sources */ = {isa = PBXBuildFile; fileRef = A20000010000000000000016 /* SessionOrchestration.swift */; };
		A1000001000000000000001D /* SessionOrchestration.swift in Sources */ = {isa = PBXBuildFile; fileRef = A20000010000000000000016 /* SessionOrchestration.swift */; };
		A1000001000000000000001E /* SessionLifecycleTests.swift in Sources */ = {isa = PBXBuildFile; fileRef = A20000010000000000000017 /* SessionLifecycleTests.swift */; };
		A1000001000000000000001F /* CompositionRoot.swift in Sources */ = {isa = PBXBuildFile; fileRef = A20000010000000000000018 /* CompositionRoot.swift */; };
		A10000010000000000000020 /* CompositionRoot.swift in Sources */ = {isa = PBXBuildFile; fileRef = A20000010000000000000018 /* CompositionRoot.swift */; };
		A10000010000000000000021 /* VerticalSliceIntegrationTests.swift in Sources */ = {isa = PBXBuildFile; fileRef = A20000010000000000000019 /* VerticalSliceIntegrationTests.swift */; };
		A10000010000000000000022 /* Assets.xcassets in Resources */ = {isa = PBXBuildFile; fileRef = A2000001000000000000001A /* Assets.xcassets */; };
		A10000010000000000000023 /* SystemAudioCapture.swift in Sources */ = {isa = PBXBuildFile; fileRef = A2000001000000000000001B /* SystemAudioCapture.swift */; };
		A10000010000000000000024 /* CoreAudio.framework in Frameworks */ = {isa = PBXBuildFile; fileRef = A20000010000000000000020 /* CoreAudio.framework */; };
		A10000010000000000000025 /* SystemAudioCapture.swift in Sources */ = {isa = PBXBuildFile; fileRef = A2000001000000000000001B /* SystemAudioCapture.swift */; };
		A10000010000000000000026 /* CoreAudio.framework in Frameworks */ = {isa = PBXBuildFile; fileRef = A20000010000000000000020 /* CoreAudio.framework */; };
		A10000010000000000000027 /* OpenAIKeychainStore.swift in Sources */ = {isa = PBXBuildFile; fileRef = A2000001000000000000001D /* OpenAIKeychainStore.swift */; };
		A10000010000000000000028 /* OpenAIKeychainStore.swift in Sources */ = {isa = PBXBuildFile; fileRef = A2000001000000000000001D /* OpenAIKeychainStore.swift */; };
		A10000010000000000000029 /* InsightHistoryStore.swift in Sources */ = {isa = PBXBuildFile; fileRef = A2000001000000000000001E /* InsightHistoryStore.swift */; };
		A1000001000000000000002A /* InsightHistoryStore.swift in Sources */ = {isa = PBXBuildFile; fileRef = A2000001000000000000001E /* InsightHistoryStore.swift */; };
		A1000001000000000000002B /* InsightHistoryStoreTests.swift in Sources */ = {isa = PBXBuildFile; fileRef = A2000001000000000000001F /* InsightHistoryStoreTests.swift */; };
		A1000001000000000000002C /* MeetingHistoryStore.swift in Sources */ = {isa = PBXBuildFile; fileRef = A20000010000000000000021 /* MeetingHistoryStore.swift */; };
		A1000001000000000000002D /* MeetingHistoryStore.swift in Sources */ = {isa = PBXBuildFile; fileRef = A20000010000000000000021 /* MeetingHistoryStore.swift */; };
		A1000001000000000000002E /* MeetingHistoryStoreTests.swift in Sources */ = {isa = PBXBuildFile; fileRef = A20000010000000000000022 /* MeetingHistoryStoreTests.swift */; };
/* End PBXBuildFile section */

/* Begin PBXFileReference section */
		A20000010000000000000001 /* RioApp.swift */ = {isa = PBXFileReference; lastKnownFileType = sourcecode.swift; path = RioApp.swift; sourceTree = "<group>"; };
		A20000010000000000000002 /* Info.plist */ = {isa = PBXFileReference; lastKnownFileType = text.plist.xml; path = Info.plist; sourceTree = "<group>"; };
		A20000010000000000000003 /* Rio.entitlements */ = {isa = PBXFileReference; lastKnownFileType = text.plist.entitlements; path = Rio.entitlements; sourceTree = "<group>"; };
		A20000010000000000000004 /* Rio.app */ = {isa = PBXFileReference; explicitFileType = wrapper.application; includeInIndex = 0; path = Rio.app; sourceTree = BUILT_PRODUCTS_DIR; };
		A20000010000000000000005 /* RioTests.swift */ = {isa = PBXFileReference; lastKnownFileType = sourcecode.swift; path = RioTests.swift; sourceTree = "<group>"; };
		A20000010000000000000006 /* RioTests.xctest */ = {isa = PBXFileReference; explicitFileType = wrapper.cfbundle; includeInIndex = 0; path = RioTests.xctest; sourceTree = BUILT_PRODUCTS_DIR; };
		A20000010000000000000007 /* CoreDomain.swift */ = {isa = PBXFileReference; lastKnownFileType = sourcecode.swift; path = CoreDomain.swift; sourceTree = "<group>"; };
		A20000010000000000000008 /* CoreContracts.swift */ = {isa = PBXFileReference; lastKnownFileType = sourcecode.swift; path = CoreContracts.swift; sourceTree = "<group>"; };
		A20000010000000000000009 /* DeterministicDoubles.swift */ = {isa = PBXFileReference; lastKnownFileType = sourcecode.swift; path = DeterministicDoubles.swift; sourceTree = "<group>"; };
		A2000001000000000000000A /* CoreContractsTests.swift */ = {isa = PBXFileReference; lastKnownFileType = sourcecode.swift; path = CoreContractsTests.swift; sourceTree = "<group>"; };
		A2000001000000000000000B /* OpenAIInsightAdapter.swift */ = {isa = PBXFileReference; lastKnownFileType = sourcecode.swift; path = OpenAIInsightAdapter.swift; sourceTree = "<group>"; };
		A2000001000000000000000D /* OpenAIInsightAdapterTests.swift */ = {isa = PBXFileReference; lastKnownFileType = sourcecode.swift; path = OpenAIInsightAdapterTests.swift; sourceTree = "<group>"; };
		A2000001000000000000000E /* ApplicationShell.swift */ = {isa = PBXFileReference; lastKnownFileType = sourcecode.swift; path = ApplicationShell.swift; sourceTree = "<group>"; };
		A2000001000000000000000F /* ApplicationShellTests.swift */ = {isa = PBXFileReference; lastKnownFileType = sourcecode.swift; path = ApplicationShellTests.swift; sourceTree = "<group>"; };
		A20000010000000000000010 /* MicrophoneCapture.swift */ = {isa = PBXFileReference; lastKnownFileType = sourcecode.swift; path = MicrophoneCapture.swift; sourceTree = "<group>"; };
		A20000010000000000000011 /* AVFAudio.framework */ = {isa = PBXFileReference; lastKnownFileType = wrapper.framework; name = AVFAudio.framework; path = System/Library/Frameworks/AVFAudio.framework; sourceTree = SDKROOT; };
		A20000010000000000000012 /* MicrophoneCaptureTests.swift */ = {isa = PBXFileReference; lastKnownFileType = sourcecode.swift; path = MicrophoneCaptureTests.swift; sourceTree = "<group>"; };
		A20000010000000000000013 /* OpenAITranscriptionAdapter.swift */ = {isa = PBXFileReference; lastKnownFileType = sourcecode.swift; path = OpenAITranscriptionAdapter.swift; sourceTree = "<group>"; };
		A20000010000000000000015 /* OpenAITranscriptionAdapterTests.swift */ = {isa = PBXFileReference; lastKnownFileType = sourcecode.swift; path = OpenAITranscriptionAdapterTests.swift; sourceTree = "<group>"; };
		A20000010000000000000016 /* SessionOrchestration.swift */ = {isa = PBXFileReference; lastKnownFileType = sourcecode.swift; path = SessionOrchestration.swift; sourceTree = "<group>"; };
		A20000010000000000000017 /* SessionLifecycleTests.swift */ = {isa = PBXFileReference; lastKnownFileType = sourcecode.swift; path = SessionLifecycleTests.swift; sourceTree = "<group>"; };
		A20000010000000000000018 /* CompositionRoot.swift */ = {isa = PBXFileReference; lastKnownFileType = sourcecode.swift; path = CompositionRoot.swift; sourceTree = "<group>"; };
		A20000010000000000000019 /* VerticalSliceIntegrationTests.swift */ = {isa = PBXFileReference; lastKnownFileType = sourcecode.swift; path = VerticalSliceIntegrationTests.swift; sourceTree = "<group>"; };
		A2000001000000000000001A /* Assets.xcassets */ = {isa = PBXFileReference; lastKnownFileType = folder.assetcatalog; path = Assets.xcassets; sourceTree = "<group>"; };
		A2000001000000000000001B /* SystemAudioCapture.swift */ = {isa = PBXFileReference; lastKnownFileType = sourcecode.swift; path = SystemAudioCapture.swift; sourceTree = "<group>"; };
		A2000001000000000000001D /* OpenAIKeychainStore.swift */ = {isa = PBXFileReference; lastKnownFileType = sourcecode.swift; path = OpenAIKeychainStore.swift; sourceTree = "<group>"; };
		A2000001000000000000001E /* InsightHistoryStore.swift */ = {isa = PBXFileReference; lastKnownFileType = sourcecode.swift; path = InsightHistoryStore.swift; sourceTree = "<group>"; };
		A2000001000000000000001F /* InsightHistoryStoreTests.swift */ = {isa = PBXFileReference; lastKnownFileType = sourcecode.swift; path = InsightHistoryStoreTests.swift; sourceTree = "<group>"; };
		A20000010000000000000020 /* CoreAudio.framework */ = {isa = PBXFileReference; lastKnownFileType = wrapper.framework; name = CoreAudio.framework; path = System/Library/Frameworks/CoreAudio.framework; sourceTree = SDKROOT; };
		A20000010000000000000021 /* MeetingHistoryStore.swift */ = {isa = PBXFileReference; lastKnownFileType = sourcecode.swift; path = MeetingHistoryStore.swift; sourceTree = "<group>"; };
		A20000010000000000000022 /* MeetingHistoryStoreTests.swift */ = {isa = PBXFileReference; lastKnownFileType = sourcecode.swift; path = MeetingHistoryStoreTests.swift; sourceTree = "<group>"; };
/* End PBXFileReference section */

/* Begin PBXFrameworksBuildPhase section */
		A30000010000000000000001 /* Frameworks */ = {
			isa = PBXFrameworksBuildPhase;
			buildActionMask = 2147483647;
			files = (
				A10000010000000000000024 /* CoreAudio.framework in Frameworks */,
				A10000010000000000000013 /* AVFAudio.framework in Frameworks */,
			);
			runOnlyForDeploymentPostprocessing = 0;
		};
		A30000010000000000000002 /* Frameworks */ = {
			isa = PBXFrameworksBuildPhase;
			buildActionMask = 2147483647;
			files = (
				A10000010000000000000026 /* CoreAudio.framework in Frameworks */,
				A10000010000000000000014 /* AVFAudio.framework in Frameworks */,
			);
			runOnlyForDeploymentPostprocessing = 0;
		};
/* End PBXFrameworksBuildPhase section */

/* Begin PBXGroup section */
		A40000010000000000000001 = {
			isa = PBXGroup;
			children = (
				A40000010000000000000002 /* Rio */,
				A40000010000000000000003 /* RioTests */,
				A40000010000000000000004 /* Products */,
				A20000010000000000000011 /* AVFAudio.framework */,
				A20000010000000000000020 /* CoreAudio.framework */,
			);
			sourceTree = "<group>";
		};
		A40000010000000000000002 /* Rio */ = {
			isa = PBXGroup;
			children = (
				A20000010000000000000001 /* RioApp.swift */,
				A20000010000000000000002 /* Info.plist */,
				A20000010000000000000003 /* Rio.entitlements */,
				A20000010000000000000007 /* CoreDomain.swift */,
				A20000010000000000000008 /* CoreContracts.swift */,
				A20000010000000000000009 /* DeterministicDoubles.swift */,
				A2000001000000000000000B /* OpenAIInsightAdapter.swift */,
				A2000001000000000000001D /* OpenAIKeychainStore.swift */,
				A2000001000000000000001E /* InsightHistoryStore.swift */,
				A20000010000000000000021 /* MeetingHistoryStore.swift */,
				A2000001000000000000000E /* ApplicationShell.swift */,
				A20000010000000000000010 /* MicrophoneCapture.swift */,
				A20000010000000000000013 /* OpenAITranscriptionAdapter.swift */,
				A20000010000000000000016 /* SessionOrchestration.swift */,
				A20000010000000000000018 /* CompositionRoot.swift */,
				A2000001000000000000001A /* Assets.xcassets */,
				A2000001000000000000001B /* SystemAudioCapture.swift */,
			);
			path = Rio;
			sourceTree = "<group>";
		};
		A40000010000000000000003 /* RioTests */ = {
			isa = PBXGroup;
			children = (
				A20000010000000000000005 /* RioTests.swift */,
				A2000001000000000000000A /* CoreContractsTests.swift */,
				A2000001000000000000000D /* OpenAIInsightAdapterTests.swift */,
				A2000001000000000000000F /* ApplicationShellTests.swift */,
				A20000010000000000000012 /* MicrophoneCaptureTests.swift */,
				A20000010000000000000015 /* OpenAITranscriptionAdapterTests.swift */,
				A20000010000000000000017 /* SessionLifecycleTests.swift */,
				A20000010000000000000019 /* VerticalSliceIntegrationTests.swift */,
				A2000001000000000000001F /* InsightHistoryStoreTests.swift */,
				A20000010000000000000022 /* MeetingHistoryStoreTests.swift */,
			);
			path = RioTests;
			sourceTree = "<group>";
		};
		A40000010000000000000004 /* Products */ = {
			isa = PBXGroup;
			children = (
				A20000010000000000000004 /* Rio.app */,
				A20000010000000000000006 /* RioTests.xctest */,
			);
			name = Products;
			sourceTree = "<group>";
		};
/* End PBXGroup section */

/* Begin PBXNativeTarget section */
		A50000010000000000000001 /* Rio */ = {
			isa = PBXNativeTarget;
			buildConfigurationList = A60000010000000000000001 /* Build configuration list for PBXNativeTarget "Rio" */;
			buildPhases = (
				A30000010000000000000003 /* Sources */,
				A30000010000000000000001 /* Frameworks */,
				A30000010000000000000004 /* Resources */,
			);
			buildRules = (
			);
			dependencies = (
			);
			name = Rio;
			productName = Rio;
			productReference = A20000010000000000000004 /* Rio.app */;
			productType = "com.apple.product-type.application";
		};
		A50000010000000000000002 /* RioTests */ = {
			isa = PBXNativeTarget;
			buildConfigurationList = A60000010000000000000002 /* Build configuration list for PBXNativeTarget "RioTests" */;
			buildPhases = (
				A30000010000000000000005 /* Sources */,
				A30000010000000000000002 /* Frameworks */,
				A30000010000000000000006 /* Resources */,
			);
			buildRules = (
			);
			dependencies = (
			);
			name = RioTests;
			productName = RioTests;
			productReference = A20000010000000000000006 /* RioTests.xctest */;
			productType = "com.apple.product-type.bundle.unit-test";
		};
/* End PBXNativeTarget section */

/* Begin PBXProject section */
		A70000010000000000000001 /* Project object */ = {
			isa = PBXProject;
			attributes = {
				BuildIndependentTargetsInParallel = 1;
				LastUpgradeCheck = 2660;
				TargetAttributes = {
					A50000010000000000000001 = {
						CreatedOnToolsVersion = 26.0;
					};
					A50000010000000000000002 = {
						CreatedOnToolsVersion = 26.0;
						TestTargetID = A50000010000000000000001;
					};
				};
			};
			buildConfigurationList = A60000010000000000000003 /* Build configuration list for PBXProject "Rio" */;
			compatibilityVersion = "Xcode 16.0";
			developmentRegion = en;
			hasScannedForEncodings = 0;
			knownRegions = (
				en,
				Base,
			);
			mainGroup = A40000010000000000000001;
			productRefGroup = A40000010000000000000004 /* Products */;
			projectDirPath = "";
			projectRoot = "";
			targets = (
				A50000010000000000000001 /* Rio */,
				A50000010000000000000002 /* RioTests */,
			);
		};
/* End PBXProject section */

/* Begin PBXResourcesBuildPhase section */
		A30000010000000000000004 /* Resources */ = {
			isa = PBXResourcesBuildPhase;
			buildActionMask = 2147483647;
			files = (
				A10000010000000000000022 /* Assets.xcassets in Resources */,
			);
			runOnlyForDeploymentPostprocessing = 0;
		};
		A30000010000000000000006 /* Resources */ = {
			isa = PBXResourcesBuildPhase;
			buildActionMask = 2147483647;
			files = (
			);
			runOnlyForDeploymentPostprocessing = 0;
		};
/* End PBXResourcesBuildPhase section */

/* Begin PBXSourcesBuildPhase section */
		A30000010000000000000003 /* Sources */ = {
			isa = PBXSourcesBuildPhase;
			buildActionMask = 2147483647;
			files = (
				A10000010000000000000001 /* RioApp.swift in Sources */,
				A10000010000000000000003 /* CoreDomain.swift in Sources */,
				A10000010000000000000004 /* CoreContracts.swift in Sources */,
				A1000001000000000000000A /* OpenAIInsightAdapter.swift in Sources */,
				A10000010000000000000027 /* OpenAIKeychainStore.swift in Sources */,
				A10000010000000000000029 /* InsightHistoryStore.swift in Sources */,
				A1000001000000000000002C /* MeetingHistoryStore.swift in Sources */,
				A1000001000000000000000F /* ApplicationShell.swift in Sources */,
				A10000010000000000000012 /* MicrophoneCapture.swift in Sources */,
				A10000010000000000000017 /* OpenAITranscriptionAdapter.swift in Sources */,
				A1000001000000000000001C /* SessionOrchestration.swift in Sources */,
				A1000001000000000000001F /* CompositionRoot.swift in Sources */,
				A10000010000000000000023 /* SystemAudioCapture.swift in Sources */,
			);
			runOnlyForDeploymentPostprocessing = 0;
		};
		A30000010000000000000005 /* Sources */ = {
			isa = PBXSourcesBuildPhase;
			buildActionMask = 2147483647;
			files = (
				A10000010000000000000002 /* RioTests.swift in Sources */,
				A10000010000000000000006 /* CoreContractsTests.swift in Sources */,
				A10000010000000000000007 /* CoreDomain.swift in Sources */,
				A10000010000000000000008 /* CoreContracts.swift in Sources */,
				A10000010000000000000009 /* DeterministicDoubles.swift in Sources */,
				A1000001000000000000000B /* OpenAIInsightAdapter.swift in Sources */,
				A10000010000000000000028 /* OpenAIKeychainStore.swift in Sources */,
				A1000001000000000000002A /* InsightHistoryStore.swift in Sources */,
				A1000001000000000000000E /* OpenAIInsightAdapterTests.swift in Sources */,
				A10000010000000000000010 /* ApplicationShell.swift in Sources */,
				A10000010000000000000011 /* ApplicationShellTests.swift in Sources */,
				A10000010000000000000016 /* MicrophoneCapture.swift in Sources */,
				A10000010000000000000015 /* MicrophoneCaptureTests.swift in Sources */,
				A1000001000000000000001B /* OpenAITranscriptionAdapter.swift in Sources */,
				A1000001000000000000001A /* OpenAITranscriptionAdapterTests.swift in Sources */,
				A1000001000000000000001D /* SessionOrchestration.swift in Sources */,
				A1000001000000000000001E /* SessionLifecycleTests.swift in Sources */,
				A10000010000000000000020 /* CompositionRoot.swift in Sources */,
				A10000010000000000000021 /* VerticalSliceIntegrationTests.swift in Sources */,
				A1000001000000000000002B /* InsightHistoryStoreTests.swift in Sources */,
				A1000001000000000000002D /* MeetingHistoryStore.swift in Sources */,
				A1000001000000000000002E /* MeetingHistoryStoreTests.swift in Sources */,
				A10000010000000000000025 /* SystemAudioCapture.swift in Sources */,
			);
			runOnlyForDeploymentPostprocessing = 0;
		};
/* End PBXSourcesBuildPhase section */

/* Begin XCBuildConfiguration section */
		A80000010000000000000001 /* Debug */ = {
			isa = XCBuildConfiguration;
			buildSettings = {
				ALWAYS_SEARCH_USER_PATHS = NO;
				CLANG_ENABLE_MODULES = YES;
				CLANG_ENABLE_OBJC_ARC = YES;
				MACOSX_DEPLOYMENT_TARGET = 26.0;
				SDKROOT = macosx;
				SWIFT_STRICT_CONCURRENCY = complete;
				SWIFT_VERSION = 6.0;
			};
			name = Debug;
		};
		A80000010000000000000002 /* Release */ = {
			isa = XCBuildConfiguration;
			buildSettings = {
				ALWAYS_SEARCH_USER_PATHS = NO;
				CLANG_ENABLE_MODULES = YES;
				CLANG_ENABLE_OBJC_ARC = YES;
				MACOSX_DEPLOYMENT_TARGET = 26.0;
				SDKROOT = macosx;
				SWIFT_STRICT_CONCURRENCY = complete;
				SWIFT_VERSION = 6.0;
			};
			name = Release;
		};
		A80000010000000000000003 /* Debug */ = {
			isa = XCBuildConfiguration;
			buildSettings = {
				ASSETCATALOG_COMPILER_APPICON_NAME = AppIcon;
				CODE_SIGN_ENTITLEMENTS = Rio/Rio.entitlements;
				CODE_SIGN_STYLE = Automatic;
				DEVELOPMENT_TEAM = Q857P34S8A;
				GENERATE_INFOPLIST_FILE = NO;
				INFOPLIST_FILE = Rio/Info.plist;
				MACOSX_DEPLOYMENT_TARGET = 26.0;
				PRODUCT_BUNDLE_IDENTIFIER = com.rio.app;
				PRODUCT_NAME = Rio;
				SDKROOT = macosx;
				SWIFT_OPTIMIZATION_LEVEL = "-Onone";
				SWIFT_ACTIVE_COMPILATION_CONDITIONS = DEBUG;
				SWIFT_STRICT_CONCURRENCY = complete;
				SWIFT_VERSION = 6.0;
			};
			name = Debug;
		};
		A80000010000000000000004 /* Release */ = {
			isa = XCBuildConfiguration;
			buildSettings = {
				ASSETCATALOG_COMPILER_APPICON_NAME = AppIcon;
				CODE_SIGN_ENTITLEMENTS = Rio/Rio.entitlements;
				CODE_SIGN_STYLE = Automatic;
				DEVELOPMENT_TEAM = Q857P34S8A;
				GENERATE_INFOPLIST_FILE = NO;
				INFOPLIST_FILE = Rio/Info.plist;
				MACOSX_DEPLOYMENT_TARGET = 26.0;
				PRODUCT_BUNDLE_IDENTIFIER = com.rio.app;
				PRODUCT_NAME = Rio;
				SDKROOT = macosx;
				SWIFT_OPTIMIZATION_LEVEL = "-O";
				SWIFT_STRICT_CONCURRENCY = complete;
				SWIFT_VERSION = 6.0;
			};
			name = Release;
		};
		A80000010000000000000005 /* Debug */ = {
			isa = XCBuildConfiguration;
			buildSettings = {
				GENERATE_INFOPLIST_FILE = YES;
				MACOSX_DEPLOYMENT_TARGET = 26.0;
				PRODUCT_BUNDLE_IDENTIFIER = com.rio.tests;
				PRODUCT_NAME = RioTests;
				SDKROOT = macosx;
				SWIFT_OPTIMIZATION_LEVEL = "-Onone";
				SWIFT_STRICT_CONCURRENCY = complete;
				SWIFT_VERSION = 6.0;
			};
			name = Debug;
		};
		A80000010000000000000006 /* Release */ = {
			isa = XCBuildConfiguration;
			buildSettings = {
				GENERATE_INFOPLIST_FILE = YES;
				MACOSX_DEPLOYMENT_TARGET = 26.0;
				PRODUCT_BUNDLE_IDENTIFIER = com.rio.tests;
				PRODUCT_NAME = RioTests;
				SDKROOT = macosx;
				SWIFT_OPTIMIZATION_LEVEL = "-O";
				SWIFT_STRICT_CONCURRENCY = complete;
				SWIFT_VERSION = 6.0;
			};
			name = Release;
		};
/* End XCBuildConfiguration section */

/* Begin XCConfigurationList section */
		A60000010000000000000001 /* Build configuration list for PBXNativeTarget "Rio" */ = {
			isa = XCConfigurationList;
			buildConfigurations = (
				A80000010000000000000003 /* Debug */,
				A80000010000000000000004 /* Release */,
			);
			defaultConfigurationIsVisible = 0;
			defaultConfigurationName = Release;
		};
		A60000010000000000000002 /* Build configuration list for PBXNativeTarget "RioTests" */ = {
			isa = XCConfigurationList;
			buildConfigurations = (
				A80000010000000000000005 /* Debug */,
				A80000010000000000000006 /* Release */,
			);
			defaultConfigurationIsVisible = 0;
			defaultConfigurationName = Release;
		};
		A60000010000000000000003 /* Build configuration list for PBXProject "Rio" */ = {
			isa = XCConfigurationList;
			buildConfigurations = (
				A80000010000000000000001 /* Debug */,
				A80000010000000000000002 /* Release */,
			);
			defaultConfigurationIsVisible = 0;
			defaultConfigurationName = Release;
		};
/* End XCConfigurationList section */
	};
	rootObject = A70000010000000000000001 /* Project object */;
}
